
Microsoft Visual Studio Solution File, Format Version 12.00
# Visual Studio Version 16
VisualStudioVersion = 16.0.31829.152
MinimumVisualStudioVersion = 10.0.40219.1
Project("{FAE04EC0-301F-11D3-BF4B-00C04F79EFBC}") = "ExceptionUserRegistrastionUc7", "ExceptionUserRegistrastionUc7\ExceptionUserRegistrastionUc7.csproj", "{959A7565-2674-416C-B487-7E65AB5CD853}"
EndProject
Project("{FAE04EC0-301F-11D3-BF4B-00C04F79EFBC}") = "MsTestProject1", "MsTestProject1\MsTestProject1.csproj", "{4CCDD869-DAAD-460E-8652-0BD40CD38A24}"
EndProject
Global
	GlobalSection(SolutionConfigurationPlatforms) = preSolution
		Debug|Any CPU = Debug|Any CPU
		Release|Any CPU = Release|Any CPU
	EndGlobalSection
	GlobalSection(ProjectConfigurationPlatforms) = postSolution
		{959A7565-2674-416C-B487-7E65AB5CD853}.Debug|Any CPU.ActiveCfg = Debug|Any CPU
		{959A7565-2674-416C-B487-7E65AB5CD853}.Debug|Any CPU.Build.0 = Debug|Any CPU
		{959A7565-2674-416C-B487-7E65AB5CD853}.Release|Any CPU.ActiveCfg = Release|Any CPU
		{959A7565-2674-416C-B487-7E65AB5CD853}.Release|Any CPU.Build.0 = Release|Any CPU
		{4CCDD869-DAAD-460E-8652-0BD40CD38A24}.Debug|Any CPU.ActiveCfg = Debug|Any CPU
		{4CCDD869-DAAD-460E-8652-0BD40CD38A24}.Debug|Any CPU.Build.0 = Debug|Any CPU
		{4CCDD869-DAAD-460E-8652-0BD40CD38A24}.Release|Any CPU.ActiveCfg = Release|Any CPU
		{4CCDD869-DAAD-460E-8652-0BD40CD38A24}.Release|Any CPU.Build.0 = Release|Any CPU
	EndGlobalSection
	GlobalSection(SolutionProperties) = preSolution
		HideSolutionNode = FALSE
	EndGlobalSection
	GlobalSection(ExtensibilityGlobals) = postSolution
		SolutionGuid = {1E83607D-5917-4989-8FA2-0A6444B4C9BA}
	EndGlobalSection
EndGlobal
