
Microsoft Visual Studio Solution File, Format Version 12.00
# Visual Studio Version 16
VisualStudioVersion = 16.0.31829.152
MinimumVisualStudioVersion = 10.0.40219.1
Project("{FAE04EC0-301F-11D3-BF4B-00C04F79EFBC}") = "ExceptionUserRegistrationUc6", "ExceptionUserRegistrationUc6\ExceptionUserRegistrationUc6.csproj", "{6359DC19-CB1C-4957-A7ED-EEBF060C033F}"
EndProject
Project("{FAE04EC0-301F-11D3-BF4B-00C04F79EFBC}") = "MsTestUserRegistration", "MsTestUserRegistration\MsTestUserRegistration.csproj", "{1FED644F-1D04-4878-AB24-DA8BC928846A}"
EndProject
Global
	GlobalSection(SolutionConfigurationPlatforms) = preSolution
		Debug|Any CPU = Debug|Any CPU
		Release|Any CPU = Release|Any CPU
	EndGlobalSection
	GlobalSection(ProjectConfigurationPlatforms) = postSolution
		{6359DC19-CB1C-4957-A7ED-EEBF060C033F}.Debug|Any CPU.ActiveCfg = Debug|Any CPU
		{6359DC19-CB1C-4957-A7ED-EEBF060C033F}.Debug|Any CPU.Build.0 = Debug|Any CPU
		{6359DC19-CB1C-4957-A7ED-EEBF060C033F}.Release|Any CPU.ActiveCfg = Release|Any CPU
		{6359DC19-CB1C-4957-A7ED-EEBF060C033F}.Release|Any CPU.Build.0 = Release|Any CPU
		{1FED644F-1D04-4878-AB24-DA8BC928846A}.Debug|Any CPU.ActiveCfg = Debug|Any CPU
		{1FED644F-1D04-4878-AB24-DA8BC928846A}.Debug|Any CPU.Build.0 = Debug|Any CPU
		{1FED644F-1D04-4878-AB24-DA8BC928846A}.Release|Any CPU.ActiveCfg = Release|Any CPU
		{1FED644F-1D04-4878-AB24-DA8BC928846A}.Release|Any CPU.Build.0 = Release|Any CPU
	EndGlobalSection
	GlobalSection(SolutionProperties) = preSolution
		HideSolutionNode = FALSE
	EndGlobalSection
	GlobalSection(ExtensibilityGlobals) = postSolution
		SolutionGuid = {16B9AC86-3A20-413E-9476-A7DA5CA16329}
	EndGlobalSection
EndGlobal
