
Microsoft Visual Studio Solution File, Format Version 12.00
# Visual Studio Version 16
VisualStudioVersion = 16.0.31829.152
MinimumVisualStudioVersion = 10.0.40219.1
Project("{FAE04EC0-301F-11D3-BF4B-00C04F79EFBC}") = "ExceptionUserResistrationUc2", "ExceptionUserResistrationUc2\ExceptionUserResistrationUc2.csproj", "{8B363B52-EC28-42BE-845E-0A22EDA4506D}"
EndProject
Project("{FAE04EC0-301F-11D3-BF4B-00C04F79EFBC}") = "MsTestProject", "MsTestProject\MsTestProject.csproj", "{BF0A1083-432F-469B-9BCE-767D28C84DE5}"
EndProject
Global
	GlobalSection(SolutionConfigurationPlatforms) = preSolution
		Debug|Any CPU = Debug|Any CPU
		Release|Any CPU = Release|Any CPU
	EndGlobalSection
	GlobalSection(ProjectConfigurationPlatforms) = postSolution
		{8B363B52-EC28-42BE-845E-0A22EDA4506D}.Debug|Any CPU.ActiveCfg = Debug|Any CPU
		{8B363B52-EC28-42BE-845E-0A22EDA4506D}.Debug|Any CPU.Build.0 = Debug|Any CPU
		{8B363B52-EC28-42BE-845E-0A22EDA4506D}.Release|Any CPU.ActiveCfg = Release|Any CPU
		{8B363B52-EC28-42BE-845E-0A22EDA4506D}.Release|Any CPU.Build.0 = Release|Any CPU
		{BF0A1083-432F-469B-9BCE-767D28C84DE5}.Debug|Any CPU.ActiveCfg = Debug|Any CPU
		{BF0A1083-432F-469B-9BCE-767D28C84DE5}.Debug|Any CPU.Build.0 = Debug|Any CPU
		{BF0A1083-432F-469B-9BCE-767D28C84DE5}.Release|Any CPU.ActiveCfg = Release|Any CPU
		{BF0A1083-432F-469B-9BCE-767D28C84DE5}.Release|Any CPU.Build.0 = Release|Any CPU
	EndGlobalSection
	GlobalSection(SolutionProperties) = preSolution
		HideSolutionNode = FALSE
	EndGlobalSection
	GlobalSection(ExtensibilityGlobals) = postSolution
		SolutionGuid = {7E0BEA23-7B5B-400C-89BC-5542001055C3}
	EndGlobalSection
EndGlobal
